
Microsoft Visual Studio Solution File, Format Version 12.00
# Visual Studio Version 16
VisualStudioVersion = 16.0.31001.183
MinimumVisualStudioVersion = 10.0.40219.1
Project("{FAE04EC0-301F-11D3-BF4B-00C04F79EFBC}") = "FunctionApp1", "FunctionApp1\FunctionApp1.csproj", "{7354B5D3-6909-4D49-88A7-42FC50CA0E4E}"
EndProject
Global
	GlobalSection(SolutionConfigurationPlatforms) = preSolution
		Debug|Any CPU = Debug|Any CPU
		Release|Any CPU = Release|Any CPU
	EndGlobalSection
	GlobalSection(ProjectConfigurationPlatforms) = postSolution
		{7354B5D3-6909-4D49-88A7-42FC50CA0E4E}.Debug|Any CPU.ActiveCfg = Debug|Any CPU
		{7354B5D3-6909-4D49-88A7-42FC50CA0E4E}.Debug|Any CPU.Build.0 = Debug|Any CPU
		{7354B5D3-6909-4D49-88A7-42FC50CA0E4E}.Release|Any CPU.ActiveCfg = Release|Any CPU
		{7354B5D3-6909-4D49-88A7-42FC50CA0E4E}.Release|Any CPU.Build.0 = Release|Any CPU
	EndGlobalSection
	GlobalSection(SolutionProperties) = preSolution
		HideSolutionNode = FALSE
	EndGlobalSection
	GlobalSection(ExtensibilityGlobals) = postSolution
		SolutionGuid = {BA164515-16C8-471D-9FB7-F78B188FF707}
	EndGlobalSection
EndGlobal
